
Microsoft Visual Studio Solution File, Format Version 12.00
# Visual Studio Version 17
VisualStudioVersion = 17.4.33213.308
MinimumVisualStudioVersion = 10.0.40219.1
Project("{9A19103F-16F7-4668-BE54-9A1E7A4F7556}") = "simple_digits", "simple_digits\simple_digits.csproj", "{83C45E6C-E740-4AA4-A598-57413DB7F5F8}"
EndProject
Project("{9A19103F-16F7-4668-BE54-9A1E7A4F7556}") = "palindrome", "palindrome\palindrome.csproj", "{16E896B5-2C7B-48B1-99ED-FD12C4516148}"
EndProject
Project("{9A19103F-16F7-4668-BE54-9A1E7A4F7556}") = "FindMax", "FindMax\FindMax.csproj", "{04EA6761-F162-4F52-A20B-FEB5E40AA457}"
EndProject
Global
	GlobalSection(SolutionConfigurationPlatforms) = preSolution
		Debug|Any CPU = Debug|Any CPU
		Release|Any CPU = Release|Any CPU
	EndGlobalSection
	GlobalSection(ProjectConfigurationPlatforms) = postSolution
		{83C45E6C-E740-4AA4-A598-57413DB7F5F8}.Debug|Any CPU.ActiveCfg = Debug|Any CPU
		{83C45E6C-E740-4AA4-A598-57413DB7F5F8}.Debug|Any CPU.Build.0 = Debug|Any CPU
		{83C45E6C-E740-4AA4-A598-57413DB7F5F8}.Release|Any CPU.ActiveCfg = Release|Any CPU
		{83C45E6C-E740-4AA4-A598-57413DB7F5F8}.Release|Any CPU.Build.0 = Release|Any CPU
		{16E896B5-2C7B-48B1-99ED-FD12C4516148}.Debug|Any CPU.ActiveCfg = Debug|Any CPU
		{16E896B5-2C7B-48B1-99ED-FD12C4516148}.Debug|Any CPU.Build.0 = Debug|Any CPU
		{16E896B5-2C7B-48B1-99ED-FD12C4516148}.Release|Any CPU.ActiveCfg = Release|Any CPU
		{16E896B5-2C7B-48B1-99ED-FD12C4516148}.Release|Any CPU.Build.0 = Release|Any CPU
		{04EA6761-F162-4F52-A20B-FEB5E40AA457}.Debug|Any CPU.ActiveCfg = Debug|Any CPU
		{04EA6761-F162-4F52-A20B-FEB5E40AA457}.Debug|Any CPU.Build.0 = Debug|Any CPU
		{04EA6761-F162-4F52-A20B-FEB5E40AA457}.Release|Any CPU.ActiveCfg = Release|Any CPU
		{04EA6761-F162-4F52-A20B-FEB5E40AA457}.Release|Any CPU.Build.0 = Release|Any CPU
	EndGlobalSection
	GlobalSection(SolutionProperties) = preSolution
		HideSolutionNode = FALSE
	EndGlobalSection
	GlobalSection(ExtensibilityGlobals) = postSolution
		SolutionGuid = {6310F584-9419-427C-A5E3-CB5D91CDF862}
	EndGlobalSection
EndGlobal
